
Microsoft Visual Studio Solution File, Format Version 12.00
# Visual Studio Version 16
VisualStudioVersion = 16.0.31911.196
MinimumVisualStudioVersion = 10.0.40219.1
Project("{9A19103F-16F7-4668-BE54-9A1E7A4F7556}") = "Helpers.GraphClient", "Helpers.GraphClient.csproj", "{653DB47E-441E-4043-B762-8AC50A470BB0}"
EndProject
Global
	GlobalSection(SolutionConfigurationPlatforms) = preSolution
		Debug|Any CPU = Debug|Any CPU
		Release|Any CPU = Release|Any CPU
	EndGlobalSection
	GlobalSection(ProjectConfigurationPlatforms) = postSolution
		{653DB47E-441E-4043-B762-8AC50A470BB0}.Debug|Any CPU.ActiveCfg = Debug|Any CPU
		{653DB47E-441E-4043-B762-8AC50A470BB0}.Debug|Any CPU.Build.0 = Debug|Any CPU
		{653DB47E-441E-4043-B762-8AC50A470BB0}.Release|Any CPU.ActiveCfg = Release|Any CPU
		{653DB47E-441E-4043-B762-8AC50A470BB0}.Release|Any CPU.Build.0 = Release|Any CPU
	EndGlobalSection
	GlobalSection(SolutionProperties) = preSolution
		HideSolutionNode = FALSE
	EndGlobalSection
	GlobalSection(ExtensibilityGlobals) = postSolution
		SolutionGuid = {F0ECAF22-E2AF-4151-B7DB-D9105DF1828B}
	EndGlobalSection
EndGlobal
